
Microsoft Visual Studio Solution File, Format Version 12.00
# Visual Studio 15
VisualStudioVersion = 15.0.28307.2092
MinimumVisualStudioVersion = 10.0.40219.1
Project("{FAE04EC0-301F-11D3-BF4B-00C04F79EFBC}") = "Serwis", "Serwis\Serwis.csproj", "{BFE7D525-6D9C-44B9-89ED-2D5E8D979C14}"
EndProject
Global
	GlobalSection(SolutionConfigurationPlatforms) = preSolution
		Debug|Any CPU = Debug|Any CPU
		Release|Any CPU = Release|Any CPU
	EndGlobalSection
	GlobalSection(ProjectConfigurationPlatforms) = postSolution
		{BFE7D525-6D9C-44B9-89ED-2D5E8D979C14}.Debug|Any CPU.ActiveCfg = Debug|Any CPU
		{BFE7D525-6D9C-44B9-89ED-2D5E8D979C14}.Debug|Any CPU.Build.0 = Debug|Any CPU
		{BFE7D525-6D9C-44B9-89ED-2D5E8D979C14}.Release|Any CPU.ActiveCfg = Release|Any CPU
		{BFE7D525-6D9C-44B9-89ED-2D5E8D979C14}.Release|Any CPU.Build.0 = Release|Any CPU
	EndGlobalSection
	GlobalSection(SolutionProperties) = preSolution
		HideSolutionNode = FALSE
	EndGlobalSection
	GlobalSection(ExtensibilityGlobals) = postSolution
		SolutionGuid = {9CB363F0-A7A3-45F5-9025-4E4B52121FAE}
	EndGlobalSection
EndGlobal
